// !$*UTF8*$!
{
	archiveVersion = 1;
	classes = {
	};
	objectVersion = 77;
	objects = {

/* Begin PBXContainerItemProxy section */
		6546FECE2E381C6B001CD93A /* PBXContainerItemProxy */ = {
			isa = PBXContainerItemProxy;
			containerPortal = 6546FEB82E381C6B001CD93A /* Project object */;
			proxyType = 1;
			remoteGlobalIDString = 6546FEBF2E381C6B001CD93A;
			remoteInfo = "My Fridge";
		};
		6546FED82E381C6B001CD93A /* PBXContainerItemProxy */ = {
			isa = PBXContainerItemProxy;
			containerPortal = 6546FEB82E381C6B001CD93A /* Project object */;
			proxyType = 1;
			remoteGlobalIDString = 6546FEBF2E381C6B001CD93A;
			remoteInfo = "My Fridge";
		};
/* End PBXContainerItemProxy section */

/* Begin PBXFileReference section */
		6546FEC02E381C6B001CD93A /* My Fridge.app */ = {isa = PBXFileReference; explicitFileType = wrapper.application; includeInIndex = 0; path = "My Fridge.app"; sourceTree = BUILT_PRODUCTS_DIR; };
		6546FECD2E381C6B001CD93A /* My FridgeTests.xctest */ = {isa = PBXFileReference; explicitFileType = wrapper.cfbundle; includeInIndex = 0; path = "My FridgeTests.xctest"; sourceTree = BUILT_PRODUCTS_DIR; };
		6546FED72E381C6B001CD93A /* My FridgeUITests.xctest */ = {isa = PBXFileReference; explicitFileType = wrapper.cfbundle; includeInIndex = 0; path = "My FridgeUITests.xctest"; sourceTree = BUILT_PRODUCTS_DIR; };
/* End PBXFileReference section */

/* Begin PBXFileSystemSynchronizedRootGroup section */
		6546FEC22E381C6B001CD93A /* My Fridge */ = {
			isa = PBXFileSystemSynchronizedRootGroup;
			path = "My Fridge";
			sourceTree = "<group>";
		};
		6546FED02E381C6B001CD93A /* My FridgeTests */ = {
			isa = PBXFileSystemSynchronizedRootGroup;
			path = "My FridgeTests";
			sourceTree = "<group>";
		};
		6546FEDA2E381C6B001CD93A /* My FridgeUITests */ = {
			isa = PBXFileSystemSynchronizedRootGroup;
			path = "My FridgeUITests";
			sourceTree = "<group>";
		};
/* End PBXFileSystemSynchronizedRootGroup section */

/* Begin PBXFrameworksBuildPhase section */
		6546FEBD2E381C6B001CD93A /* Frameworks */ = {
			isa = PBXFrameworksBuildPhase;
			buildActionMask = 2147483647;
			files = (
			);
			runOnlyForDeploymentPostprocessing = 0;
		};
		6546FECA2E381C6B001CD93A /* Frameworks */ = {
			isa = PBXFrameworksBuildPhase;
			buildActionMask = 2147483647;
			files = (
			);
			runOnlyForDeploymentPostprocessing = 0;
		};
		6546FED42E381C6B001CD93A /* Frameworks */ = {
			isa = PBXFrameworksBuildPhase;
			buildActionMask = 2147483647;
			files = (
			);
			runOnlyForDeploymentPostprocessing = 0;
		};
/* End PBXFrameworksBuildPhase section */

/* Begin PBXGroup section */
		6546FEB72E381C6B001CD93A = {
			isa = PBXGroup;
			children = (
				6546FEC22E381C6B001CD93A /* My Fridge */,
				6546FED02E381C6B001CD93A /* My FridgeTests */,
				6546FEDA2E381C6B001CD93A /* My FridgeUITests */,
				6546FEC12E381C6B001CD93A /* Products */,
			);
			sourceTree = "<group>";
		};
		6546FEC12E381C6B001CD93A /* Products */ = {
			isa = PBXGroup;
			children = (
				6546FEC02E381C6B001CD93A /* My Fridge.app */,
				6546FECD2E381C6B001CD93A /* My FridgeTests.xctest */,
				6546FED72E381C6B001CD93A /* My FridgeUITests.xctest */,
			);
			name = Products;
			sourceTree = "<group>";
		};
/* End PBXGroup section */

/* Begin PBXNativeTarget section */
		6546FEBF2E381C6B001CD93A /* My Fridge */ = {
			isa = PBXNativeTarget;
			buildConfigurationList = 6546FEE12E381C6B001CD93A /* Build configuration list for PBXNativeTarget "My Fridge" */;
			buildPhases = (
				6546FEBC2E381C6B001CD93A /* Sources */,
				6546FEBD2E381C6B001CD93A /* Frameworks */,
				6546FEBE2E381C6B001CD93A /* Resources */,
			);
			buildRules = (
			);
			dependencies = (
			);
			fileSystemSynchronizedGroups = (
				6546FEC22E381C6B001CD93A /* My Fridge */,
			);
			name = "My Fridge";
			packageProductDependencies = (
			);
			productName = "My Fridge";
			productReference = 6546FEC02E381C6B001CD93A /* My Fridge.app */;
			productType = "com.apple.product-type.application";
		};
		6546FECC2E381C6B001CD93A /* My FridgeTests */ = {
			isa = PBXNativeTarget;
			buildConfigurationList = 6546FEE42E381C6B001CD93A /* Build configuration list for PBXNativeTarget "My FridgeTests" */;
			buildPhases = (
				6546FEC92E381C6B001CD93A /* Sources */,
				6546FECA2E381C6B001CD93A /* Frameworks */,
				6546FECB2E381C6B001CD93A /* Resources */,
			);
			buildRules = (
			);
			dependencies = (
				6546FECF2E381C6B001CD93A /* PBXTargetDependency */,
			);
			fileSystemSynchronizedGroups = (
				6546FED02E381C6B001CD93A /* My FridgeTests */,
			);
			name = "My FridgeTests";
			packageProductDependencies = (
			);
			productName = "My FridgeTests";
			productReference = 6546FECD2E381C6B001CD93A /* My FridgeTests.xctest */;
			productType = "com.apple.product-type.bundle.unit-test";
		};
		6546FED62E381C6B001CD93A /* My FridgeUITests */ = {
			isa = PBXNativeTarget;
			buildConfigurationList = 6546FEE72E381C6B001CD93A /* Build configuration list for PBXNativeTarget "My FridgeUITests" */;
			buildPhases = (
				6546FED32E381C6B001CD93A /* Sources */,
				6546FED42E381C6B001CD93A /* Frameworks */,
				6546FED52E381C6B001CD93A /* Resources */,
			);
			buildRules = (
			);
			dependencies = (
				6546FED92E381C6B001CD93A /* PBXTargetDependency */,
			);
			fileSystemSynchronizedGroups = (
				6546FEDA2E381C6B001CD93A /* My FridgeUITests */,
			);
			name = "My FridgeUITests";
			packageProductDependencies = (
			);
			productName = "My FridgeUITests";
			productReference = 6546FED72E381C6B001CD93A /* My FridgeUITests.xctest */;
			productType = "com.apple.product-type.bundle.ui-testing";
		};
/* End PBXNativeTarget section */

/* Begin PBXProject section */
		6546FEB82E381C6B001CD93A /* Project object */ = {
			isa = PBXProject;
			attributes = {
				BuildIndependentTargetsInParallel = 1;
				LastSwiftUpdateCheck = 1640;
				LastUpgradeCheck = 1640;
				TargetAttributes = {
					6546FEBF2E381C6B001CD93A = {
						CreatedOnToolsVersion = 16.4;
					};
					6546FECC2E381C6B001CD93A = {
						CreatedOnToolsVersion = 16.4;
						TestTargetID = 6546FEBF2E381C6B001CD93A;
					};
					6546FED62E381C6B001CD93A = {
						CreatedOnToolsVersion = 16.4;
						TestTargetID = 6546FEBF2E381C6B001CD93A;
					};
				};
			};
			buildConfigurationList = 6546FEBB2E381C6B001CD93A /* Build configuration list for PBXProject "My Fridge" */;
			developmentRegion = en;
			hasScannedForEncodings = 0;
			knownRegions = (
				en,
				Base,
			);
			mainGroup = 6546FEB72E381C6B001CD93A;
			minimizedProjectReferenceProxies = 1;
			preferredProjectObjectVersion = 77;
			productRefGroup = 6546FEC12E381C6B001CD93A /* Products */;
			projectDirPath = "";
			projectRoot = "";
			targets = (
				6546FEBF2E381C6B001CD93A /* My Fridge */,
				6546FECC2E381C6B001CD93A /* My FridgeTests */,
				6546FED62E381C6B001CD93A /* My FridgeUITests */,
			);
		};
/* End PBXProject section */

/* Begin PBXResourcesBuildPhase section */
		6546FEBE2E381C6B001CD93A /* Resources */ = {
			isa = PBXResourcesBuildPhase;
			buildActionMask = 2147483647;
			files = (
			);
			runOnlyForDeploymentPostprocessing = 0;
		};
		6546FECB2E381C6B001CD93A /* Resources */ = {
			isa = PBXResourcesBuildPhase;
			buildActionMask = 2147483647;
			files = (
			);
			runOnlyForDeploymentPostprocessing = 0;
		};
		6546FED52E381C6B001CD93A /* Resources */ = {
			isa = PBXResourcesBuildPhase;
			buildActionMask = 2147483647;
			files = (
			);
			runOnlyForDeploymentPostprocessing = 0;
		};
/* End PBXResourcesBuildPhase section */

/* Begin PBXSourcesBuildPhase section */
		6546FEBC2E381C6B001CD93A /* Sources */ = {
			isa = PBXSourcesBuildPhase;
			buildActionMask = 2147483647;
			files = (
			);
			runOnlyForDeploymentPostprocessing = 0;
		};
		6546FEC92E381C6B001CD93A /* Sources */ = {
			isa = PBXSourcesBuildPhase;
			buildActionMask = 2147483647;
			files = (
			);
			runOnlyForDeploymentPostprocessing = 0;
		};
		6546FED32E381C6B001CD93A /* Sources */ = {
			isa = PBXSourcesBuildPhase;
			buildActionMask = 2147483647;
			files = (
			);
			runOnlyForDeploymentPostprocessing = 0;
		};
/* End PBXSourcesBuildPhase section */

/* Begin PBXTargetDependency section */
		6546FECF2E381C6B001CD93A /* PBXTargetDependency */ = {
			isa = PBXTargetDependency;
			target = 6546FEBF2E381C6B001CD93A /* My Fridge */;
			targetProxy = 6546FECE2E381C6B001CD93A /* PBXContainerItemProxy */;
		};
		6546FED92E381C6B001CD93A /* PBXTargetDependency */ = {
			isa = PBXTargetDependency;
			target = 6546FEBF2E381C6B001CD93A /* My Fridge */;
			targetProxy = 6546FED82E381C6B001CD93A /* PBXContainerItemProxy */;
		};
/* End PBXTargetDependency section */

/* Begin XCBuildConfiguration section */
		6546FEDF2E381C6B001CD93A /* Debug */ = {
			isa = XCBuildConfiguration;
			buildSettings = {
				ALWAYS_SEARCH_USER_PATHS = NO;
				ASSETCATALOG_COMPILER_GENERATE_SWIFT_ASSET_SYMBOL_EXTENSIONS = YES;
				CLANG_ANALYZER_NONNULL = YES;
				CLANG_ANALYZER_NUMBER_OBJECT_CONVERSION = YES_AGGRESSIVE;
				CLANG_CXX_LANGUAGE_STANDARD = "gnu++20";
				CLANG_ENABLE_MODULES = YES;
				CLANG_ENABLE_OBJC_ARC = YES;
				CLANG_ENABLE_OBJC_WEAK = YES;
				CLANG_WARN_BLOCK_CAPTURE_AUTORELEASING = YES;
				CLANG_WARN_BOOL_CONVERSION = YES;
				CLANG_WARN_COMMA = YES;
				CLANG_WARN_CONSTANT_CONVERSION = YES;
				CLANG_WARN_DEPRECATED_OBJC_IMPLEMENTATIONS = YES;
				CLANG_WARN_DIRECT_OBJC_ISA_USAGE = YES_ERROR;
				CLANG_WARN_DOCUMENTATION_COMMENTS = YES;
				CLANG_WARN_EMPTY_BODY = YES;
				CLANG_WARN_ENUM_CONVERSION = YES;
				CLANG_WARN_INFINITE_RECURSION = YES;
				CLANG_WARN_INT_CONVERSION = YES;
				CLANG_WARN_NON_LITERAL_NULL_CONVERSION = YES;
				CLANG_WARN_OBJC_IMPLICIT_RETAIN_SELF = YES;
				CLANG_WARN_OBJC_LITERAL_CONVERSION = YES;
				CLANG_WARN_OBJC_ROOT_CLASS = YES_ERROR;
				CLANG_WARN_QUOTED_INCLUDE_IN_FRAMEWORK_HEADER = YES;
				CLANG_WARN_RANGE_LOOP_ANALYSIS = YES;
				CLANG_WARN_STRICT_PROTOTYPES = YES;
				CLANG_WARN_SUSPICIOUS_MOVE = YES;
				CLANG_WARN_UNGUARDED_AVAILABILITY = YES_AGGRESSIVE;
				CLANG_WARN_UNREACHABLE_CODE = YES;
				CLANG_WARN__DUPLICATE_METHOD_MATCH = YES;
				COPY_PHASE_STRIP = NO;
				DEBUG_INFORMATION_FORMAT = dwarf;
				DEVELOPMENT_TEAM = 9V98S8ZB63;
				ENABLE_STRICT_OBJC_MSGSEND = YES;
				ENABLE_TESTABILITY = YES;
				ENABLE_USER_SCRIPT_SANDBOXING = YES;
				GCC_C_LANGUAGE_STANDARD = gnu17;
				GCC_DYNAMIC_NO_PIC = NO;
				GCC_NO_COMMON_BLOCKS = YES;
				GCC_OPTIMIZATION_LEVEL = 0;
				GCC_PREPROCESSOR_DEFINITIONS = (
					"DEBUG=1",
					"$(inherited)",
				);
				GCC_WARN_64_TO_32_BIT_CONVERSION = YES;
				GCC_WARN_ABOUT_RETURN_TYPE = YES_ERROR;
				GCC_WARN_UNDECLARED_SELECTOR = YES;
				GCC_WARN_UNINITIALIZED_AUTOS = YES_AGGRESSIVE;
				GCC_WARN_UNUSED_FUNCTION = YES;
				GCC_WARN_UNUSED_VARIABLE = YES;
				IPHONEOS_DEPLOYMENT_TARGET = 18.5;
				LOCALIZATION_PREFERS_STRING_CATALOGS = YES;
				MTL_ENABLE_DEBUG_INFO = INCLUDE_SOURCE;
				MTL_FAST_MATH = YES;
				ONLY_ACTIVE_ARCH = YES;
				SDKROOT = iphoneos;
				SWIFT_ACTIVE_COMPILATION_CONDITIONS = "DEBUG $(inherited)";
				SWIFT_OPTIMIZATION_LEVEL = "-Onone";
			};
			name = Debug;
		};
		6546FEE02E381C6B001CD93A /* Release */ = {
			isa = XCBuildConfiguration;
			buildSettings = {
				ALWAYS_SEARCH_USER_PATHS = NO;
				ASSETCATALOG_COMPILER_GENERATE_SWIFT_ASSET_SYMBOL_EXTENSIONS = YES;
				CLANG_ANALYZER_NONNULL = YES;
				CLANG_ANALYZER_NUMBER_OBJECT_CONVERSION = YES_AGGRESSIVE;
				CLANG_CXX_LANGUAGE_STANDARD = "gnu++20";
				CLANG_ENABLE_MODULES = YES;
				CLANG_ENABLE_OBJC_ARC = YES;
				CLANG_ENABLE_OBJC_WEAK = YES;
				CLANG_WARN_BLOCK_CAPTURE_AUTORELEASING = YES;
				CLANG_WARN_BOOL_CONVERSION = YES;
				CLANG_WARN_COMMA = YES;
				CLANG_WARN_CONSTANT_CONVERSION = YES;
				CLANG_WARN_DEPRECATED_OBJC_IMPLEMENTATIONS = YES;
				CLANG_WARN_DIRECT_OBJC_ISA_USAGE = YES_ERROR;
				CLANG_WARN_DOCUMENTATION_COMMENTS = YES;
				CLANG_WARN_EMPTY_BODY = YES;
				CLANG_WARN_ENUM_CONVERSION = YES;
				CLANG_WARN_INFINITE_RECURSION = YES;
				CLANG_WARN_INT_CONVERSION = YES;
				CLANG_WARN_NON_LITERAL_NULL_CONVERSION = YES;
				CLANG_WARN_OBJC_IMPLICIT_RETAIN_SELF = YES;
				CLANG_WARN_OBJC_LITERAL_CONVERSION = YES;
				CLANG_WARN_OBJC_ROOT_CLASS = YES_ERROR;
				CLANG_WARN_QUOTED_INCLUDE_IN_FRAMEWORK_HEADER = YES;
				CLANG_WARN_RANGE_LOOP_ANALYSIS = YES;
				CLANG_WARN_STRICT_PROTOTYPES = YES;
				CLANG_WARN_SUSPICIOUS_MOVE = YES;
				CLANG_WARN_UNGUARDED_AVAILABILITY = YES_AGGRESSIVE;
				CLANG_WARN_UNREACHABLE_CODE = YES;
				CLANG_WARN__DUPLICATE_METHOD_MATCH = YES;
				COPY_PHASE_STRIP = NO;
				DEBUG_INFORMATION_FORMAT = "dwarf-with-dsym";
				DEVELOPMENT_TEAM = 9V98S8ZB63;
				ENABLE_NS_ASSERTIONS = NO;
				ENABLE_STRICT_OBJC_MSGSEND = YES;
				ENABLE_USER_SCRIPT_SANDBOXING = YES;
				GCC_C_LANGUAGE_STANDARD = gnu17;
				GCC_NO_COMMON_BLOCKS = YES;
				GCC_WARN_64_TO_32_BIT_CONVERSION = YES;
				GCC_WARN_ABOUT_RETURN_TYPE = YES_ERROR;
				GCC_WARN_UNDECLARED_SELECTOR = YES;
				GCC_WARN_UNINITIALIZED_AUTOS = YES_AGGRESSIVE;
				GCC_WARN_UNUSED_FUNCTION = YES;
				GCC_WARN_UNUSED_VARIABLE = YES;
				IPHONEOS_DEPLOYMENT_TARGET = 18.5;
				LOCALIZATION_PREFERS_STRING_CATALOGS = YES;
				MTL_ENABLE_DEBUG_INFO = NO;
				MTL_FAST_MATH = YES;
				SDKROOT = iphoneos;
				SWIFT_COMPILATION_MODE = wholemodule;
				VALIDATE_PRODUCT = YES;
			};
			name = Release;
		};
		6546FEE22E381C6B001CD93A /* Debug */ = {
			isa = XCBuildConfiguration;
			buildSettings = {
				ASSETCATALOG_COMPILER_APPICON_NAME = AppIcon;
				ASSETCATALOG_COMPILER_GLOBAL_ACCENT_COLOR_NAME = AccentColor;
				CODE_SIGN_STYLE = Automatic;
				CURRENT_PROJECT_VERSION = 1;
				DEVELOPMENT_TEAM = 9V98S8ZB63;
				ENABLE_PREVIEWS = YES;
				GENERATE_INFOPLIST_FILE = YES;
				INFOPLIST_KEY_UIApplicationSceneManifest_Generation = YES;
				INFOPLIST_KEY_UIApplicationSupportsIndirectInputEvents = YES;
				INFOPLIST_KEY_UILaunchScreen_Generation = YES;
				INFOPLIST_KEY_UISupportedInterfaceOrientations_iPad = "UIInterfaceOrientationPortrait UIInterfaceOrientationPortraitUpsideDown UIInterfaceOrientationLandscapeLeft UIInterfaceOrientationLandscapeRight";
				INFOPLIST_KEY_UISupportedInterfaceOrientations_iPhone = "UIInterfaceOrientationPortrait UIInterfaceOrientationLandscapeLeft UIInterfaceOrientationLandscapeRight";
				LD_RUNPATH_SEARCH_PATHS = (
					"$(inherited)",
					"@executable_path/Frameworks",
				);
				MARKETING_VERSION = 1.0;
				PRODUCT_BUNDLE_IDENTIFIER = "com.thomasdini.My-Fridge";
				PRODUCT_NAME = "$(TARGET_NAME)";
				SWIFT_EMIT_LOC_STRINGS = YES;
				SWIFT_VERSION = 5.0;
				TARGETED_DEVICE_FAMILY = "1,2";
			};
			name = Debug;
		};
		6546FEE32E381C6B001CD93A /* Release */ = {
			isa = XCBuildConfiguration;
			buildSettings = {
				ASSETCATALOG_COMPILER_APPICON_NAME = AppIcon;
				ASSETCATALOG_COMPILER_GLOBAL_ACCENT_COLOR_NAME = AccentColor;
				CODE_SIGN_STYLE = Automatic;
				CURRENT_PROJECT_VERSION = 1;
				DEVELOPMENT_TEAM = 9V98S8ZB63;
				ENABLE_PREVIEWS = YES;
				GENERATE_INFOPLIST_FILE = YES;
				INFOPLIST_KEY_UIApplicationSceneManifest_Generation = YES;
				INFOPLIST_KEY_UIApplicationSupportsIndirectInputEvents = YES;
				INFOPLIST_KEY_UILaunchScreen_Generation = YES;
				INFOPLIST_KEY_UISupportedInterfaceOrientations_iPad = "UIInterfaceOrientationPortrait UIInterfaceOrientationPortraitUpsideDown UIInterfaceOrientationLandscapeLeft UIInterfaceOrientationLandscapeRight";
				INFOPLIST_KEY_UISupportedInterfaceOrientations_iPhone = "UIInterfaceOrientationPortrait UIInterfaceOrientationLandscapeLeft UIInterfaceOrientationLandscapeRight";
				LD_RUNPATH_SEARCH_PATHS = (
					"$(inherited)",
					"@executable_path/Frameworks",
				);
				MARKETING_VERSION = 1.0;
				PRODUCT_BUNDLE_IDENTIFIER = "com.thomasdini.My-Fridge";
				PRODUCT_NAME = "$(TARGET_NAME)";
				SWIFT_EMIT_LOC_STRINGS = YES;
				SWIFT_VERSION = 5.0;
				TARGETED_DEVICE_FAMILY = "1,2";
			};
			name = Release;
		};
		6546FEE52E381C6B001CD93A /* Debug */ = {
			isa = XCBuildConfiguration;
			buildSettings = {
				BUNDLE_LOADER = "$(TEST_HOST)";
				CODE_SIGN_STYLE = Automatic;
				CURRENT_PROJECT_VERSION = 1;
				DEVELOPMENT_TEAM = 9V98S8ZB63;
				GENERATE_INFOPLIST_FILE = YES;
				IPHONEOS_DEPLOYMENT_TARGET = 18.5;
				MARKETING_VERSION = 1.0;
				PRODUCT_BUNDLE_IDENTIFIER = "com.thomasdini.My-FridgeTests";
				PRODUCT_NAME = "$(TARGET_NAME)";
				SWIFT_EMIT_LOC_STRINGS = NO;
				SWIFT_VERSION = 5.0;
				TARGETED_DEVICE_FAMILY = "1,2";
				TEST_HOST = "$(BUILT_PRODUCTS_DIR)/My Fridge.app/$(BUNDLE_EXECUTABLE_FOLDER_PATH)/My Fridge";
			};
			name = Debug;
		};
		6546FEE62E381C6B001CD93A /* Release */ = {
			isa = XCBuildConfiguration;
			buildSettings = {
				BUNDLE_LOADER = "$(TEST_HOST)";
				CODE_SIGN_STYLE = Automatic;
				CURRENT_PROJECT_VERSION = 1;
				DEVELOPMENT_TEAM = 9V98S8ZB63;
				GENERATE_INFOPLIST_FILE = YES;
				IPHONEOS_DEPLOYMENT_TARGET = 18.5;
				MARKETING_VERSION = 1.0;
				PRODUCT_BUNDLE_IDENTIFIER = "com.thomasdini.My-FridgeTests";
				PRODUCT_NAME = "$(TARGET_NAME)";
				SWIFT_EMIT_LOC_STRINGS = NO;
				SWIFT_VERSION = 5.0;
				TARGETED_DEVICE_FAMILY = "1,2";
				TEST_HOST = "$(BUILT_PRODUCTS_DIR)/My Fridge.app/$(BUNDLE_EXECUTABLE_FOLDER_PATH)/My Fridge";
			};
			name = Release;
		};
		6546FEE82E381C6B001CD93A /* Debug */ = {
			isa = XCBuildConfiguration;
			buildSettings = {
				CODE_SIGN_STYLE = Automatic;
				CURRENT_PROJECT_VERSION = 1;
				DEVELOPMENT_TEAM = 9V98S8ZB63;
				GENERATE_INFOPLIST_FILE = YES;
				MARKETING_VERSION = 1.0;
				PRODUCT_BUNDLE_IDENTIFIER = "com.thomasdini.My-FridgeUITests";
				PRODUCT_NAME = "$(TARGET_NAME)";
				SWIFT_EMIT_LOC_STRINGS = NO;
				SWIFT_VERSION = 5.0;
				TARGETED_DEVICE_FAMILY = "1,2";
				TEST_TARGET_NAME = "My Fridge";
			};
			name = Debug;
		};
		6546FEE92E381C6B001CD93A /* Release */ = {
			isa = XCBuildConfiguration;
			buildSettings = {
				CODE_SIGN_STYLE = Automatic;
				CURRENT_PROJECT_VERSION = 1;
				DEVELOPMENT_TEAM = 9V98S8ZB63;
				GENERATE_INFOPLIST_FILE = YES;
				MARKETING_VERSION = 1.0;
				PRODUCT_BUNDLE_IDENTIFIER = "com.thomasdini.My-FridgeUITests";
				PRODUCT_NAME = "$(TARGET_NAME)";
				SWIFT_EMIT_LOC_STRINGS = NO;
				SWIFT_VERSION = 5.0;
				TARGETED_DEVICE_FAMILY = "1,2";
				TEST_TARGET_NAME = "My Fridge";
			};
			name = Release;
		};
/* End XCBuildConfiguration section */

/* Begin XCConfigurationList section */
		6546FEBB2E381C6B001CD93A /* Build configuration list for PBXProject "My Fridge" */ = {
			isa = XCConfigurationList;
			buildConfigurations = (
				6546FEDF2E381C6B001CD93A /* Debug */,
				6546FEE02E381C6B001CD93A /* Release */,
			);
			defaultConfigurationIsVisible = 0;
			defaultConfigurationName = Release;
		};
		6546FEE12E381C6B001CD93A /* Build configuration list for PBXNativeTarget "My Fridge" */ = {
			isa = XCConfigurationList;
			buildConfigurations = (
				6546FEE22E381C6B001CD93A /* Debug */,
				6546FEE32E381C6B001CD93A /* Release */,
			);
			defaultConfigurationIsVisible = 0;
			defaultConfigurationName = Release;
		};
		6546FEE42E381C6B001CD93A /* Build configuration list for PBXNativeTarget "My FridgeTests" */ = {
			isa = XCConfigurationList;
			buildConfigurations = (
				6546FEE52E381C6B001CD93A /* Debug */,
				6546FEE62E381C6B001CD93A /* Release */,
			);
			defaultConfigurationIsVisible = 0;
			defaultConfigurationName = Release;
		};
		6546FEE72E381C6B001CD93A /* Build configuration list for PBXNativeTarget "My FridgeUITests" */ = {
			isa = XCConfigurationList;
			buildConfigurations = (
				6546FEE82E381C6B001CD93A /* Debug */,
				6546FEE92E381C6B001CD93A /* Release */,
			);
			defaultConfigurationIsVisible = 0;
			defaultConfigurationName = Release;
		};
/* End XCConfigurationList section */
	};
	rootObject = 6546FEB82E381C6B001CD93A /* Project object */;
}
